
Microsoft Visual Studio Solution File, Format Version 12.00
# Visual Studio Version 17
VisualStudioVersion = 17.5.33516.290
MinimumVisualStudioVersion = 10.0.40219.1
Project("{FAE04EC0-301F-11D3-BF4B-00C04F79EFBC}") = "proyectoORM", "proyectoORM\proyectoORM.csproj", "{F9F57666-BE26-4605-9210-4CCCECDAB4CF}"
EndProject
Global
	GlobalSection(SolutionConfigurationPlatforms) = preSolution
		Debug|Any CPU = Debug|Any CPU
		Release|Any CPU = Release|Any CPU
	EndGlobalSection
	GlobalSection(ProjectConfigurationPlatforms) = postSolution
		{F9F57666-BE26-4605-9210-4CCCECDAB4CF}.Debug|Any CPU.ActiveCfg = Debug|Any CPU
		{F9F57666-BE26-4605-9210-4CCCECDAB4CF}.Debug|Any CPU.Build.0 = Debug|Any CPU
		{F9F57666-BE26-4605-9210-4CCCECDAB4CF}.Release|Any CPU.ActiveCfg = Release|Any CPU
		{F9F57666-BE26-4605-9210-4CCCECDAB4CF}.Release|Any CPU.Build.0 = Release|Any CPU
	EndGlobalSection
	GlobalSection(SolutionProperties) = preSolution
		HideSolutionNode = FALSE
	EndGlobalSection
	GlobalSection(ExtensibilityGlobals) = postSolution
		SolutionGuid = {B1BA8EBE-FC5B-47A9-885A-4D6AA03ECE7A}
	EndGlobalSection
EndGlobal
